
Microsoft Visual Studio Solution File, Format Version 12.00
# Visual Studio Version 17
VisualStudioVersion = 17.0.32014.148
MinimumVisualStudioVersion = 10.0.40219.1
Project("{9A19103F-16F7-4668-BE54-9A1E7A4F7556}") = "AdventOfCode.Day2", "AdventOfCode.Day2\AdventOfCode.Day2.csproj", "{D6F91B68-5DA5-465C-ACC9-FD1113E41046}"
EndProject
Project("{9A19103F-16F7-4668-BE54-9A1E7A4F7556}") = "AdventOfCode.Run", "AdventOfCode.Run\AdventOfCode.Run.csproj", "{691C7BE2-1082-44B5-9EBE-61C1BBB6634E}"
EndProject
Project("{9A19103F-16F7-4668-BE54-9A1E7A4F7556}") = "AdventOfCode.Day3", "AdventOfCode.Day3\AdventOfCode.Day3.csproj", "{D13727C4-7D7D-4A82-A3F3-8A5DD794D191}"
EndProject
Project("{9A19103F-16F7-4668-BE54-9A1E7A4F7556}") = "AdventOfCode.Days", "AdventOfCode.Days\AdventOfCode.Days.csproj", "{AC735DBA-52E1-4A9A-9623-0A1D9467325D}"
EndProject
Project("{9A19103F-16F7-4668-BE54-9A1E7A4F7556}") = "AdventOfCode.Day3Tests", "AdventOfCode.Day3Tests\AdventOfCode.Day3Tests.csproj", "{D09E99B5-C32D-4C7D-A013-CB9220EBAC99}"
EndProject
Project("{9A19103F-16F7-4668-BE54-9A1E7A4F7556}") = "Utils", "Utils\Utils.csproj", "{3D8A5EFC-5731-428F-982A-0F6B0400DEF9}"
EndProject
Project("{9A19103F-16F7-4668-BE54-9A1E7A4F7556}") = "AdventOfCode2021_CSharp", "AdventOfCode2021_CSharp\AdventOfCode2021_CSharp.csproj", "{CE94C7DB-8F12-4997-B812-12B90596E86E}"
EndProject
Project("{9A19103F-16F7-4668-BE54-9A1E7A4F7556}") = "TestAdventOfCode2021_Csharp", "TestAdventOfCode2021_Csharp\TestAdventOfCode2021_Csharp.csproj", "{ECF9B0EE-0D22-438C-9A0F-DAF2A7678DB7}"
EndProject
Global
	GlobalSection(SolutionConfigurationPlatforms) = preSolution
		Debug|Any CPU = Debug|Any CPU
		Release|Any CPU = Release|Any CPU
	EndGlobalSection
	GlobalSection(ProjectConfigurationPlatforms) = postSolution
		{D6F91B68-5DA5-465C-ACC9-FD1113E41046}.Debug|Any CPU.ActiveCfg = Debug|Any CPU
		{D6F91B68-5DA5-465C-ACC9-FD1113E41046}.Debug|Any CPU.Build.0 = Debug|Any CPU
		{D6F91B68-5DA5-465C-ACC9-FD1113E41046}.Release|Any CPU.ActiveCfg = Release|Any CPU
		{D6F91B68-5DA5-465C-ACC9-FD1113E41046}.Release|Any CPU.Build.0 = Release|Any CPU
		{691C7BE2-1082-44B5-9EBE-61C1BBB6634E}.Debug|Any CPU.ActiveCfg = Debug|Any CPU
		{691C7BE2-1082-44B5-9EBE-61C1BBB6634E}.Debug|Any CPU.Build.0 = Debug|Any CPU
		{691C7BE2-1082-44B5-9EBE-61C1BBB6634E}.Release|Any CPU.ActiveCfg = Release|Any CPU
		{691C7BE2-1082-44B5-9EBE-61C1BBB6634E}.Release|Any CPU.Build.0 = Release|Any CPU
		{D13727C4-7D7D-4A82-A3F3-8A5DD794D191}.Debug|Any CPU.ActiveCfg = Debug|Any CPU
		{D13727C4-7D7D-4A82-A3F3-8A5DD794D191}.Debug|Any CPU.Build.0 = Debug|Any CPU
		{D13727C4-7D7D-4A82-A3F3-8A5DD794D191}.Release|Any CPU.ActiveCfg = Release|Any CPU
		{D13727C4-7D7D-4A82-A3F3-8A5DD794D191}.Release|Any CPU.Build.0 = Release|Any CPU
		{AC735DBA-52E1-4A9A-9623-0A1D9467325D}.Debug|Any CPU.ActiveCfg = Debug|Any CPU
		{AC735DBA-52E1-4A9A-9623-0A1D9467325D}.Debug|Any CPU.Build.0 = Debug|Any CPU
		{AC735DBA-52E1-4A9A-9623-0A1D9467325D}.Release|Any CPU.ActiveCfg = Release|Any CPU
		{AC735DBA-52E1-4A9A-9623-0A1D9467325D}.Release|Any CPU.Build.0 = Release|Any CPU
		{D09E99B5-C32D-4C7D-A013-CB9220EBAC99}.Debug|Any CPU.ActiveCfg = Debug|Any CPU
		{D09E99B5-C32D-4C7D-A013-CB9220EBAC99}.Debug|Any CPU.Build.0 = Debug|Any CPU
		{D09E99B5-C32D-4C7D-A013-CB9220EBAC99}.Release|Any CPU.ActiveCfg = Release|Any CPU
		{D09E99B5-C32D-4C7D-A013-CB9220EBAC99}.Release|Any CPU.Build.0 = Release|Any CPU
		{3D8A5EFC-5731-428F-982A-0F6B0400DEF9}.Debug|Any CPU.ActiveCfg = Debug|Any CPU
		{3D8A5EFC-5731-428F-982A-0F6B0400DEF9}.Debug|Any CPU.Build.0 = Debug|Any CPU
		{3D8A5EFC-5731-428F-982A-0F6B0400DEF9}.Release|Any CPU.ActiveCfg = Release|Any CPU
		{3D8A5EFC-5731-428F-982A-0F6B0400DEF9}.Release|Any CPU.Build.0 = Release|Any CPU
		{CE94C7DB-8F12-4997-B812-12B90596E86E}.Debug|Any CPU.ActiveCfg = Debug|Any CPU
		{CE94C7DB-8F12-4997-B812-12B90596E86E}.Debug|Any CPU.Build.0 = Debug|Any CPU
		{CE94C7DB-8F12-4997-B812-12B90596E86E}.Release|Any CPU.ActiveCfg = Release|Any CPU
		{CE94C7DB-8F12-4997-B812-12B90596E86E}.Release|Any CPU.Build.0 = Release|Any CPU
		{ECF9B0EE-0D22-438C-9A0F-DAF2A7678DB7}.Debug|Any CPU.ActiveCfg = Debug|Any CPU
		{ECF9B0EE-0D22-438C-9A0F-DAF2A7678DB7}.Debug|Any CPU.Build.0 = Debug|Any CPU
		{ECF9B0EE-0D22-438C-9A0F-DAF2A7678DB7}.Release|Any CPU.ActiveCfg = Release|Any CPU
		{ECF9B0EE-0D22-438C-9A0F-DAF2A7678DB7}.Release|Any CPU.Build.0 = Release|Any CPU
	EndGlobalSection
	GlobalSection(SolutionProperties) = preSolution
		HideSolutionNode = FALSE
	EndGlobalSection
	GlobalSection(ExtensibilityGlobals) = postSolution
		SolutionGuid = {0FCCE972-8E15-44D0-903A-A2400A661027}
	EndGlobalSection
EndGlobal
