
Microsoft Visual Studio Solution File, Format Version 12.00
# Visual Studio Version 17
VisualStudioVersion = 17.0.32014.148
MinimumVisualStudioVersion = 10.0.40219.1
Project("{9A19103F-16F7-4668-BE54-9A1E7A4F7556}") = "Utils", "Utils\Utils.csproj", "{3D8A5EFC-5731-428F-982A-0F6B0400DEF9}"
EndProject
Project("{9A19103F-16F7-4668-BE54-9A1E7A4F7556}") = "AdventOfCode2021_CSharp", "AdventOfCode2021_CSharp\AdventOfCode2021_CSharp.csproj", "{CE94C7DB-8F12-4997-B812-12B90596E86E}"
EndProject
Project("{9A19103F-16F7-4668-BE54-9A1E7A4F7556}") = "TestAdventOfCode2021_Csharp", "TestAdventOfCode2021_Csharp\TestAdventOfCode2021_Csharp.csproj", "{ECF9B0EE-0D22-438C-9A0F-DAF2A7678DB7}"
EndProject
Project("{2150E333-8FDC-42A3-9474-1A3956D46DE8}") = "protypes", "protypes", "{3EDE38A5-04F8-47B9-B1B1-B88F3534EA1D}"
EndProject
Project("{888888A0-9F3D-457C-B088-3A5042F75D52}") = "PythonPrototypes", "PythonPrototypes\PythonPrototypes.pyproj", "{C2231BDF-4C30-45F9-825F-C8025BC53722}"
EndProject
Global
	GlobalSection(SolutionConfigurationPlatforms) = preSolution
		Debug|Any CPU = Debug|Any CPU
		Release|Any CPU = Release|Any CPU
	EndGlobalSection
	GlobalSection(ProjectConfigurationPlatforms) = postSolution
		{3D8A5EFC-5731-428F-982A-0F6B0400DEF9}.Debug|Any CPU.ActiveCfg = Debug|Any CPU
		{3D8A5EFC-5731-428F-982A-0F6B0400DEF9}.Debug|Any CPU.Build.0 = Debug|Any CPU
		{3D8A5EFC-5731-428F-982A-0F6B0400DEF9}.Release|Any CPU.ActiveCfg = Release|Any CPU
		{3D8A5EFC-5731-428F-982A-0F6B0400DEF9}.Release|Any CPU.Build.0 = Release|Any CPU
		{CE94C7DB-8F12-4997-B812-12B90596E86E}.Debug|Any CPU.ActiveCfg = Debug|Any CPU
		{CE94C7DB-8F12-4997-B812-12B90596E86E}.Debug|Any CPU.Build.0 = Debug|Any CPU
		{CE94C7DB-8F12-4997-B812-12B90596E86E}.Release|Any CPU.ActiveCfg = Release|Any CPU
		{CE94C7DB-8F12-4997-B812-12B90596E86E}.Release|Any CPU.Build.0 = Release|Any CPU
		{ECF9B0EE-0D22-438C-9A0F-DAF2A7678DB7}.Debug|Any CPU.ActiveCfg = Debug|Any CPU
		{ECF9B0EE-0D22-438C-9A0F-DAF2A7678DB7}.Debug|Any CPU.Build.0 = Debug|Any CPU
		{ECF9B0EE-0D22-438C-9A0F-DAF2A7678DB7}.Release|Any CPU.ActiveCfg = Release|Any CPU
		{ECF9B0EE-0D22-438C-9A0F-DAF2A7678DB7}.Release|Any CPU.Build.0 = Release|Any CPU
		{C2231BDF-4C30-45F9-825F-C8025BC53722}.Debug|Any CPU.ActiveCfg = Debug|Any CPU
		{C2231BDF-4C30-45F9-825F-C8025BC53722}.Release|Any CPU.ActiveCfg = Release|Any CPU
	EndGlobalSection
	GlobalSection(SolutionProperties) = preSolution
		HideSolutionNode = FALSE
	EndGlobalSection
	GlobalSection(NestedProjects) = preSolution
		{C2231BDF-4C30-45F9-825F-C8025BC53722} = {3EDE38A5-04F8-47B9-B1B1-B88F3534EA1D}
	EndGlobalSection
	GlobalSection(ExtensibilityGlobals) = postSolution
		SolutionGuid = {0FCCE972-8E15-44D0-903A-A2400A661027}
	EndGlobalSection
EndGlobal
